// !$*UTF8*$!
{
	archiveVersion = 1;
	classes = {
	};
	objectVersion = 56;
	objects = {

/* Begin PBXBuildFile section */
		7BF19AD62A6002EC00C0A66C /* AccessibilityVoiceOverApp.swift in Sources */ = {isa = PBXBuildFile; fileRef = 7BF19AD52A6002EC00C0A66C /* AccessibilityVoiceOverApp.swift */; };
		7BF19AD82A6002EC00C0A66C /* ContentView.swift in Sources */ = {isa = PBXBuildFile; fileRef = 7BF19AD72A6002EC00C0A66C /* ContentView.swift */; };
		7BF19ADA2A6002EE00C0A66C /* Assets.xcassets in Resources */ = {isa = PBXBuildFile; fileRef = 7BF19AD92A6002EE00C0A66C /* Assets.xcassets */; };
		7BF19ADD2A6002EE00C0A66C /* Preview Assets.xcassets in Resources */ = {isa = PBXBuildFile; fileRef = 7BF19ADC2A6002EE00C0A66C /* Preview Assets.xcassets */; };
		7BF19AE52A60034000C0A66C /* IdentifyView.swift in Sources */ = {isa = PBXBuildFile; fileRef = 7BF19AE42A60034000C0A66C /* IdentifyView.swift */; };
		7BF19AE72A6008B800C0A66C /* HideAndGroup.swift in Sources */ = {isa = PBXBuildFile; fileRef = 7BF19AE62A6008B800C0A66C /* HideAndGroup.swift */; };
		7BF19AE92A6041BF00C0A66C /* ReadingValue.swift in Sources */ = {isa = PBXBuildFile; fileRef = 7BF19AE82A6041BF00C0A66C /* ReadingValue.swift */; };
/* End PBXBuildFile section */

/* Begin PBXFileReference section */
		7BF19AD22A6002EC00C0A66C /* AccessibilityVoiceOver.app */ = {isa = PBXFileReference; explicitFileType = wrapper.application; includeInIndex = 0; path = AccessibilityVoiceOver.app; sourceTree = BUILT_PRODUCTS_DIR; };
		7BF19AD52A6002EC00C0A66C /* AccessibilityVoiceOverApp.swift */ = {isa = PBXFileReference; lastKnownFileType = sourcecode.swift; path = AccessibilityVoiceOverApp.swift; sourceTree = "<group>"; };
		7BF19AD72A6002EC00C0A66C /* ContentView.swift */ = {isa = PBXFileReference; lastKnownFileType = sourcecode.swift; path = ContentView.swift; sourceTree = "<group>"; };
		7BF19AD92A6002EE00C0A66C /* Assets.xcassets */ = {isa = PBXFileReference; lastKnownFileType = folder.assetcatalog; path = Assets.xcassets; sourceTree = "<group>"; };
		7BF19ADC2A6002EE00C0A66C /* Preview Assets.xcassets */ = {isa = PBXFileReference; lastKnownFileType = folder.assetcatalog; path = "Preview Assets.xcassets"; sourceTree = "<group>"; };
		7BF19AE42A60034000C0A66C /* IdentifyView.swift */ = {isa = PBXFileReference; lastKnownFileType = sourcecode.swift; path = IdentifyView.swift; sourceTree = "<group>"; };
		7BF19AE62A6008B800C0A66C /* HideAndGroup.swift */ = {isa = PBXFileReference; lastKnownFileType = sourcecode.swift; path = HideAndGroup.swift; sourceTree = "<group>"; };
		7BF19AE82A6041BF00C0A66C /* ReadingValue.swift */ = {isa = PBXFileReference; lastKnownFileType = sourcecode.swift; path = ReadingValue.swift; sourceTree = "<group>"; };
/* End PBXFileReference section */

/* Begin PBXFrameworksBuildPhase section */
		7BF19ACF2A6002EC00C0A66C /* Frameworks */ = {
			isa = PBXFrameworksBuildPhase;
			buildActionMask = 2147483647;
			files = (
			);
			runOnlyForDeploymentPostprocessing = 0;
		};
/* End PBXFrameworksBuildPhase section */

/* Begin PBXGroup section */
		7BF19AC92A6002EC00C0A66C = {
			isa = PBXGroup;
			children = (
				7BF19AD42A6002EC00C0A66C /* AccessibilityVoiceOver */,
				7BF19AD32A6002EC00C0A66C /* Products */,
			);
			sourceTree = "<group>";
		};
		7BF19AD32A6002EC00C0A66C /* Products */ = {
			isa = PBXGroup;
			children = (
				7BF19AD22A6002EC00C0A66C /* AccessibilityVoiceOver.app */,
			);
			name = Products;
			sourceTree = "<group>";
		};
		7BF19AD42A6002EC00C0A66C /* AccessibilityVoiceOver */ = {
			isa = PBXGroup;
			children = (
				7BF19AD52A6002EC00C0A66C /* AccessibilityVoiceOverApp.swift */,
				7BF19AD72A6002EC00C0A66C /* ContentView.swift */,
				7BF19AE32A60030600C0A66C /* Introduction */,
				7BF19AD92A6002EE00C0A66C /* Assets.xcassets */,
				7BF19ADB2A6002EE00C0A66C /* Preview Content */,
			);
			path = AccessibilityVoiceOver;
			sourceTree = "<group>";
		};
		7BF19ADB2A6002EE00C0A66C /* Preview Content */ = {
			isa = PBXGroup;
			children = (
				7BF19ADC2A6002EE00C0A66C /* Preview Assets.xcassets */,
			);
			path = "Preview Content";
			sourceTree = "<group>";
		};
		7BF19AE32A60030600C0A66C /* Introduction */ = {
			isa = PBXGroup;
			children = (
				7BF19AE42A60034000C0A66C /* IdentifyView.swift */,
				7BF19AE62A6008B800C0A66C /* HideAndGroup.swift */,
				7BF19AE82A6041BF00C0A66C /* ReadingValue.swift */,
			);
			path = Introduction;
			sourceTree = "<group>";
		};
/* End PBXGroup section */

/* Begin PBXNativeTarget section */
		7BF19AD12A6002EC00C0A66C /* AccessibilityVoiceOver */ = {
			isa = PBXNativeTarget;
			buildConfigurationList = 7BF19AE02A6002EE00C0A66C /* Build configuration list for PBXNativeTarget "AccessibilityVoiceOver" */;
			buildPhases = (
				7BF19ACE2A6002EC00C0A66C /* Sources */,
				7BF19ACF2A6002EC00C0A66C /* Frameworks */,
				7BF19AD02A6002EC00C0A66C /* Resources */,
			);
			buildRules = (
			);
			dependencies = (
			);
			name = AccessibilityVoiceOver;
			productName = AccessibilityVoiceOver;
			productReference = 7BF19AD22A6002EC00C0A66C /* AccessibilityVoiceOver.app */;
			productType = "com.apple.product-type.application";
		};
/* End PBXNativeTarget section */

/* Begin PBXProject section */
		7BF19ACA2A6002EC00C0A66C /* Project object */ = {
			isa = PBXProject;
			attributes = {
				BuildIndependentTargetsInParallel = 1;
				LastSwiftUpdateCheck = 1430;
				LastUpgradeCheck = 1430;
				TargetAttributes = {
					7BF19AD12A6002EC00C0A66C = {
						CreatedOnToolsVersion = 14.3;
					};
				};
			};
			buildConfigurationList = 7BF19ACD2A6002EC00C0A66C /* Build configuration list for PBXProject "AccessibilityVoiceOver" */;
			compatibilityVersion = "Xcode 14.0";
			developmentRegion = en;
			hasScannedForEncodings = 0;
			knownRegions = (
				en,
				Base,
			);
			mainGroup = 7BF19AC92A6002EC00C0A66C;
			productRefGroup = 7BF19AD32A6002EC00C0A66C /* Products */;
			projectDirPath = "";
			projectRoot = "";
			targets = (
				7BF19AD12A6002EC00C0A66C /* AccessibilityVoiceOver */,
			);
		};
/* End PBXProject section */

/* Begin PBXResourcesBuildPhase section */
		7BF19AD02A6002EC00C0A66C /* Resources */ = {
			isa = PBXResourcesBuildPhase;
			buildActionMask = 2147483647;
			files = (
				7BF19ADD2A6002EE00C0A66C /* Preview Assets.xcassets in Resources */,
				7BF19ADA2A6002EE00C0A66C /* Assets.xcassets in Resources */,
			);
			runOnlyForDeploymentPostprocessing = 0;
		};
/* End PBXResourcesBuildPhase section */

/* Begin PBXSourcesBuildPhase section */
		7BF19ACE2A6002EC00C0A66C /* Sources */ = {
			isa = PBXSourcesBuildPhase;
			buildActionMask = 2147483647;
			files = (
				7BF19AD82A6002EC00C0A66C /* ContentView.swift in Sources */,
				7BF19AD62A6002EC00C0A66C /* AccessibilityVoiceOverApp.swift in Sources */,
				7BF19AE92A6041BF00C0A66C /* ReadingValue.swift in Sources */,
				7BF19AE52A60034000C0A66C /* IdentifyView.swift in Sources */,
				7BF19AE72A6008B800C0A66C /* HideAndGroup.swift in Sources */,
			);
			runOnlyForDeploymentPostprocessing = 0;
		};
/* End PBXSourcesBuildPhase section */

/* Begin XCBuildConfiguration section */
		7BF19ADE2A6002EE00C0A66C /* Debug */ = {
			isa = XCBuildConfiguration;
			buildSettings = {
				ALWAYS_SEARCH_USER_PATHS = NO;
				CLANG_ANALYZER_NONNULL = YES;
				CLANG_ANALYZER_NUMBER_OBJECT_CONVERSION = YES_AGGRESSIVE;
				CLANG_CXX_LANGUAGE_STANDARD = "gnu++20";
				CLANG_ENABLE_MODULES = YES;
				CLANG_ENABLE_OBJC_ARC = YES;
				CLANG_ENABLE_OBJC_WEAK = YES;
				CLANG_WARN_BLOCK_CAPTURE_AUTORELEASING = YES;
				CLANG_WARN_BOOL_CONVERSION = YES;
				CLANG_WARN_COMMA = YES;
				CLANG_WARN_CONSTANT_CONVERSION = YES;
				CLANG_WARN_DEPRECATED_OBJC_IMPLEMENTATIONS = YES;
				CLANG_WARN_DIRECT_OBJC_ISA_USAGE = YES_ERROR;
				CLANG_WARN_DOCUMENTATION_COMMENTS = YES;
				CLANG_WARN_EMPTY_BODY = YES;
				CLANG_WARN_ENUM_CONVERSION = YES;
				CLANG_WARN_INFINITE_RECURSION = YES;
				CLANG_WARN_INT_CONVERSION = YES;
				CLANG_WARN_NON_LITERAL_NULL_CONVERSION = YES;
				CLANG_WARN_OBJC_IMPLICIT_RETAIN_SELF = YES;
				CLANG_WARN_OBJC_LITERAL_CONVERSION = YES;
				CLANG_WARN_OBJC_ROOT_CLASS = YES_ERROR;
				CLANG_WARN_QUOTED_INCLUDE_IN_FRAMEWORK_HEADER = YES;
				CLANG_WARN_RANGE_LOOP_ANALYSIS = YES;
				CLANG_WARN_STRICT_PROTOTYPES = YES;
				CLANG_WARN_SUSPICIOUS_MOVE = YES;
				CLANG_WARN_UNGUARDED_AVAILABILITY = YES_AGGRESSIVE;
				CLANG_WARN_UNREACHABLE_CODE = YES;
				CLANG_WARN__DUPLICATE_METHOD_MATCH = YES;
				COPY_PHASE_STRIP = NO;
				DEBUG_INFORMATION_FORMAT = dwarf;
				ENABLE_STRICT_OBJC_MSGSEND = YES;
				ENABLE_TESTABILITY = YES;
				GCC_C_LANGUAGE_STANDARD = gnu11;
				GCC_DYNAMIC_NO_PIC = NO;
				GCC_NO_COMMON_BLOCKS = YES;
				GCC_OPTIMIZATION_LEVEL = 0;
				GCC_PREPROCESSOR_DEFINITIONS = (
					"DEBUG=1",
					"$(inherited)",
				);
				GCC_WARN_64_TO_32_BIT_CONVERSION = YES;
				GCC_WARN_ABOUT_RETURN_TYPE = YES_ERROR;
				GCC_WARN_UNDECLARED_SELECTOR = YES;
				GCC_WARN_UNINITIALIZED_AUTOS = YES_AGGRESSIVE;
				GCC_WARN_UNUSED_FUNCTION = YES;
				GCC_WARN_UNUSED_VARIABLE = YES;
				IPHONEOS_DEPLOYMENT_TARGET = 16.4;
				MTL_ENABLE_DEBUG_INFO = INCLUDE_SOURCE;
				MTL_FAST_MATH = YES;
				ONLY_ACTIVE_ARCH = YES;
				SDKROOT = iphoneos;
				SWIFT_ACTIVE_COMPILATION_CONDITIONS = DEBUG;
				SWIFT_OPTIMIZATION_LEVEL = "-Onone";
			};
			name = Debug;
		};
		7BF19ADF2A6002EE00C0A66C /* Release */ = {
			isa = XCBuildConfiguration;
			buildSettings = {
				ALWAYS_SEARCH_USER_PATHS = NO;
				CLANG_ANALYZER_NONNULL = YES;
				CLANG_ANALYZER_NUMBER_OBJECT_CONVERSION = YES_AGGRESSIVE;
				CLANG_CXX_LANGUAGE_STANDARD = "gnu++20";
				CLANG_ENABLE_MODULES = YES;
				CLANG_ENABLE_OBJC_ARC = YES;
				CLANG_ENABLE_OBJC_WEAK = YES;
				CLANG_WARN_BLOCK_CAPTURE_AUTORELEASING = YES;
				CLANG_WARN_BOOL_CONVERSION = YES;
				CLANG_WARN_COMMA = YES;
				CLANG_WARN_CONSTANT_CONVERSION = YES;
				CLANG_WARN_DEPRECATED_OBJC_IMPLEMENTATIONS = YES;
				CLANG_WARN_DIRECT_OBJC_ISA_USAGE = YES_ERROR;
				CLANG_WARN_DOCUMENTATION_COMMENTS = YES;
				CLANG_WARN_EMPTY_BODY = YES;
				CLANG_WARN_ENUM_CONVERSION = YES;
				CLANG_WARN_INFINITE_RECURSION = YES;
				CLANG_WARN_INT_CONVERSION = YES;
				CLANG_WARN_NON_LITERAL_NULL_CONVERSION = YES;
				CLANG_WARN_OBJC_IMPLICIT_RETAIN_SELF = YES;
				CLANG_WARN_OBJC_LITERAL_CONVERSION = YES;
				CLANG_WARN_OBJC_ROOT_CLASS = YES_ERROR;
				CLANG_WARN_QUOTED_INCLUDE_IN_FRAMEWORK_HEADER = YES;
				CLANG_WARN_RANGE_LOOP_ANALYSIS = YES;
				CLANG_WARN_STRICT_PROTOTYPES = YES;
				CLANG_WARN_SUSPICIOUS_MOVE = YES;
				CLANG_WARN_UNGUARDED_AVAILABILITY = YES_AGGRESSIVE;
				CLANG_WARN_UNREACHABLE_CODE = YES;
				CLANG_WARN__DUPLICATE_METHOD_MATCH = YES;
				COPY_PHASE_STRIP = NO;
				DEBUG_INFORMATION_FORMAT = "dwarf-with-dsym";
				ENABLE_NS_ASSERTIONS = NO;
				ENABLE_STRICT_OBJC_MSGSEND = YES;
				GCC_C_LANGUAGE_STANDARD = gnu11;
				GCC_NO_COMMON_BLOCKS = YES;
				GCC_WARN_64_TO_32_BIT_CONVERSION = YES;
				GCC_WARN_ABOUT_RETURN_TYPE = YES_ERROR;
				GCC_WARN_UNDECLARED_SELECTOR = YES;
				GCC_WARN_UNINITIALIZED_AUTOS = YES_AGGRESSIVE;
				GCC_WARN_UNUSED_FUNCTION = YES;
				GCC_WARN_UNUSED_VARIABLE = YES;
				IPHONEOS_DEPLOYMENT_TARGET = 16.4;
				MTL_ENABLE_DEBUG_INFO = NO;
				MTL_FAST_MATH = YES;
				SDKROOT = iphoneos;
				SWIFT_COMPILATION_MODE = wholemodule;
				SWIFT_OPTIMIZATION_LEVEL = "-O";
				VALIDATE_PRODUCT = YES;
			};
			name = Release;
		};
		7BF19AE12A6002EE00C0A66C /* Debug */ = {
			isa = XCBuildConfiguration;
			buildSettings = {
				ASSETCATALOG_COMPILER_APPICON_NAME = AppIcon;
				ASSETCATALOG_COMPILER_GLOBAL_ACCENT_COLOR_NAME = AccentColor;
				CODE_SIGN_STYLE = Automatic;
				CURRENT_PROJECT_VERSION = 1;
				DEVELOPMENT_ASSET_PATHS = "\"AccessibilityVoiceOver/Preview Content\"";
				DEVELOPMENT_TEAM = B9S7PB8R45;
				ENABLE_PREVIEWS = YES;
				GENERATE_INFOPLIST_FILE = YES;
				INFOPLIST_KEY_UIApplicationSceneManifest_Generation = YES;
				INFOPLIST_KEY_UIApplicationSupportsIndirectInputEvents = YES;
				INFOPLIST_KEY_UILaunchScreen_Generation = YES;
				INFOPLIST_KEY_UISupportedInterfaceOrientations_iPad = "UIInterfaceOrientationPortrait UIInterfaceOrientationPortraitUpsideDown UIInterfaceOrientationLandscapeLeft UIInterfaceOrientationLandscapeRight";
				INFOPLIST_KEY_UISupportedInterfaceOrientations_iPhone = "UIInterfaceOrientationPortrait UIInterfaceOrientationLandscapeLeft UIInterfaceOrientationLandscapeRight";
				LD_RUNPATH_SEARCH_PATHS = (
					"$(inherited)",
					"@executable_path/Frameworks",
				);
				MARKETING_VERSION = 1.0;
				PRODUCT_BUNDLE_IDENTIFIER = com.pagopatito.AccessibilityVoiceOver;
				PRODUCT_NAME = "$(TARGET_NAME)";
				SWIFT_EMIT_LOC_STRINGS = YES;
				SWIFT_VERSION = 5.0;
				TARGETED_DEVICE_FAMILY = "1,2";
			};
			name = Debug;
		};
		7BF19AE22A6002EE00C0A66C /* Release */ = {
			isa = XCBuildConfiguration;
			buildSettings = {
				ASSETCATALOG_COMPILER_APPICON_NAME = AppIcon;
				ASSETCATALOG_COMPILER_GLOBAL_ACCENT_COLOR_NAME = AccentColor;
				CODE_SIGN_STYLE = Automatic;
				CURRENT_PROJECT_VERSION = 1;
				DEVELOPMENT_ASSET_PATHS = "\"AccessibilityVoiceOver/Preview Content\"";
				DEVELOPMENT_TEAM = B9S7PB8R45;
				ENABLE_PREVIEWS = YES;
				GENERATE_INFOPLIST_FILE = YES;
				INFOPLIST_KEY_UIApplicationSceneManifest_Generation = YES;
				INFOPLIST_KEY_UIApplicationSupportsIndirectInputEvents = YES;
				INFOPLIST_KEY_UILaunchScreen_Generation = YES;
				INFOPLIST_KEY_UISupportedInterfaceOrientations_iPad = "UIInterfaceOrientationPortrait UIInterfaceOrientationPortraitUpsideDown UIInterfaceOrientationLandscapeLeft UIInterfaceOrientationLandscapeRight";
				INFOPLIST_KEY_UISupportedInterfaceOrientations_iPhone = "UIInterfaceOrientationPortrait UIInterfaceOrientationLandscapeLeft UIInterfaceOrientationLandscapeRight";
				LD_RUNPATH_SEARCH_PATHS = (
					"$(inherited)",
					"@executable_path/Frameworks",
				);
				MARKETING_VERSION = 1.0;
				PRODUCT_BUNDLE_IDENTIFIER = com.pagopatito.AccessibilityVoiceOver;
				PRODUCT_NAME = "$(TARGET_NAME)";
				SWIFT_EMIT_LOC_STRINGS = YES;
				SWIFT_VERSION = 5.0;
				TARGETED_DEVICE_FAMILY = "1,2";
			};
			name = Release;
		};
/* End XCBuildConfiguration section */

/* Begin XCConfigurationList section */
		7BF19ACD2A6002EC00C0A66C /* Build configuration list for PBXProject "AccessibilityVoiceOver" */ = {
			isa = XCConfigurationList;
			buildConfigurations = (
				7BF19ADE2A6002EE00C0A66C /* Debug */,
				7BF19ADF2A6002EE00C0A66C /* Release */,
			);
			defaultConfigurationIsVisible = 0;
			defaultConfigurationName = Release;
		};
		7BF19AE02A6002EE00C0A66C /* Build configuration list for PBXNativeTarget "AccessibilityVoiceOver" */ = {
			isa = XCConfigurationList;
			buildConfigurations = (
				7BF19AE12A6002EE00C0A66C /* Debug */,
				7BF19AE22A6002EE00C0A66C /* Release */,
			);
			defaultConfigurationIsVisible = 0;
			defaultConfigurationName = Release;
		};
/* End XCConfigurationList section */
	};
	rootObject = 7BF19ACA2A6002EC00C0A66C /* Project object */;
}
